
Microsoft Visual Studio Solution File, Format Version 12.00
# Visual Studio 15
VisualStudioVersion = 15.0.28010.2026
MinimumVisualStudioVersion = 10.0.40219.1
Project("{FAE04EC0-301F-11D3-BF4B-00C04F79EFBC}") = "ProcessTree", "ProcessTree\ProcessTree.csproj", "{B03BE88E-1CEA-42D2-95C1-56E5781C6B5B}"
EndProject
Global
	GlobalSection(SolutionConfigurationPlatforms) = preSolution
		Debug|Any CPU = Debug|Any CPU
		Release|Any CPU = Release|Any CPU
	EndGlobalSection
	GlobalSection(ProjectConfigurationPlatforms) = postSolution
		{B03BE88E-1CEA-42D2-95C1-56E5781C6B5B}.Debug|Any CPU.ActiveCfg = Debug|Any CPU
		{B03BE88E-1CEA-42D2-95C1-56E5781C6B5B}.Debug|Any CPU.Build.0 = Debug|Any CPU
		{B03BE88E-1CEA-42D2-95C1-56E5781C6B5B}.Release|Any CPU.ActiveCfg = Release|Any CPU
		{B03BE88E-1CEA-42D2-95C1-56E5781C6B5B}.Release|Any CPU.Build.0 = Release|Any CPU
	EndGlobalSection
	GlobalSection(SolutionProperties) = preSolution
		HideSolutionNode = FALSE
	EndGlobalSection
	GlobalSection(ExtensibilityGlobals) = postSolution
		SolutionGuid = {DEDDE4B4-0480-4780-AF4E-91187F510858}
	EndGlobalSection
EndGlobal
